// !$*UTF8*$!
{
	archiveVersion = 1;
	classes = {
	};
	objectVersion = 50;
	objects = {

/* Begin PBXBuildFile section */
		FC1B565025C8DAE0008E85F5 /* AppDelegate.m in Sources */ = {isa = PBXBuildFile; fileRef = FC1B564F25C8DAE0008E85F5 /* AppDelegate.m */; };
		FC1B565325C8DAE0008E85F5 /* SceneDelegate.m in Sources */ = {isa = PBXBuildFile; fileRef = FC1B565225C8DAE0008E85F5 /* SceneDelegate.m */; };
		FC1B565625C8DAE0008E85F5 /* ViewController.m in Sources */ = {isa = PBXBuildFile; fileRef = FC1B565525C8DAE0008E85F5 /* ViewController.m */; };
		FC1B565925C8DAE0008E85F5 /* Main.storyboard in Resources */ = {isa = PBXBuildFile; fileRef = FC1B565725C8DAE0008E85F5 /* Main.storyboard */; };
		FC1B565B25C8DAE1008E85F5 /* Assets.xcassets in Resources */ = {isa = PBXBuildFile; fileRef = FC1B565A25C8DAE1008E85F5 /* Assets.xcassets */; };
		FC1B565E25C8DAE1008E85F5 /* LaunchScreen.storyboard in Resources */ = {isa = PBXBuildFile; fileRef = FC1B565C25C8DAE1008E85F5 /* LaunchScreen.storyboard */; };
		FC1B566125C8DAE1008E85F5 /* main.m in Sources */ = {isa = PBXBuildFile; fileRef = FC1B566025C8DAE1008E85F5 /* main.m */; };
		FC3DAB1425CCD36A00E25067 /* XDTAF.framework in Frameworks */ = {isa = PBXBuildFile; fileRef = FC3DAB1325CCD36A00E25067 /* XDTAF.framework */; };
		FC57F86825CBF50700A752E1 /* XDUserSDK.framework in Frameworks */ = {isa = PBXBuildFile; fileRef = FC57F86725CBF50700A752E1 /* XDUserSDK.framework */; };
/* End PBXBuildFile section */

/* Begin PBXFileReference section */
		FC1B564B25C8DAE0008E85F5 /* XDUserSDKTest.app */ = {isa = PBXFileReference; explicitFileType = wrapper.application; includeInIndex = 0; path = XDUserSDKTest.app; sourceTree = BUILT_PRODUCTS_DIR; };
		FC1B564E25C8DAE0008E85F5 /* AppDelegate.h */ = {isa = PBXFileReference; lastKnownFileType = sourcecode.c.h; path = AppDelegate.h; sourceTree = "<group>"; };
		FC1B564F25C8DAE0008E85F5 /* AppDelegate.m */ = {isa = PBXFileReference; lastKnownFileType = sourcecode.c.objc; path = AppDelegate.m; sourceTree = "<group>"; };
		FC1B565125C8DAE0008E85F5 /* SceneDelegate.h */ = {isa = PBXFileReference; lastKnownFileType = sourcecode.c.h; path = SceneDelegate.h; sourceTree = "<group>"; };
		FC1B565225C8DAE0008E85F5 /* SceneDelegate.m */ = {isa = PBXFileReference; lastKnownFileType = sourcecode.c.objc; path = SceneDelegate.m; sourceTree = "<group>"; };
		FC1B565425C8DAE0008E85F5 /* ViewController.h */ = {isa = PBXFileReference; lastKnownFileType = sourcecode.c.h; path = ViewController.h; sourceTree = "<group>"; };
		FC1B565525C8DAE0008E85F5 /* ViewController.m */ = {isa = PBXFileReference; lastKnownFileType = sourcecode.c.objc; path = ViewController.m; sourceTree = "<group>"; };
		FC1B565825C8DAE0008E85F5 /* Base */ = {isa = PBXFileReference; lastKnownFileType = file.storyboard; name = Base; path = Base.lproj/Main.storyboard; sourceTree = "<group>"; };
		FC1B565A25C8DAE1008E85F5 /* Assets.xcassets */ = {isa = PBXFileReference; lastKnownFileType = folder.assetcatalog; path = Assets.xcassets; sourceTree = "<group>"; };
		FC1B565D25C8DAE1008E85F5 /* Base */ = {isa = PBXFileReference; lastKnownFileType = file.storyboard; name = Base; path = Base.lproj/LaunchScreen.storyboard; sourceTree = "<group>"; };
		FC1B565F25C8DAE1008E85F5 /* Info.plist */ = {isa = PBXFileReference; lastKnownFileType = text.plist.xml; path = Info.plist; sourceTree = "<group>"; };
		FC1B566025C8DAE1008E85F5 /* main.m */ = {isa = PBXFileReference; lastKnownFileType = sourcecode.c.objc; path = main.m; sourceTree = "<group>"; };
		FC3DAB1325CCD36A00E25067 /* XDTAF.framework */ = {isa = PBXFileReference; lastKnownFileType = wrapper.framework; name = XDTAF.framework; path = ../DependencyFrameworks/XDTAF.framework; sourceTree = "<group>"; };
		FC57F86725CBF50700A752E1 /* XDUserSDK.framework */ = {isa = PBXFileReference; explicitFileType = wrapper.framework; path = XDUserSDK.framework; sourceTree = BUILT_PRODUCTS_DIR; };
/* End PBXFileReference section */

/* Begin PBXFrameworksBuildPhase section */
		FC1B564825C8DAE0008E85F5 /* Frameworks */ = {
			isa = PBXFrameworksBuildPhase;
			buildActionMask = 2147483647;
			files = (
				FC3DAB1425CCD36A00E25067 /* XDTAF.framework in Frameworks */,
				FC57F86825CBF50700A752E1 /* XDUserSDK.framework in Frameworks */,
			);
			runOnlyForDeploymentPostprocessing = 0;
		};
/* End PBXFrameworksBuildPhase section */

/* Begin PBXGroup section */
		FC1B564225C8DAE0008E85F5 = {
			isa = PBXGroup;
			children = (
				FC1B564D25C8DAE0008E85F5 /* XDUserSDKTest */,
				FC1B564C25C8DAE0008E85F5 /* Products */,
				FC57F86625CBF50700A752E1 /* Frameworks */,
			);
			sourceTree = "<group>";
		};
		FC1B564C25C8DAE0008E85F5 /* Products */ = {
			isa = PBXGroup;
			children = (
				FC1B564B25C8DAE0008E85F5 /* XDUserSDKTest.app */,
			);
			name = Products;
			sourceTree = "<group>";
		};
		FC1B564D25C8DAE0008E85F5 /* XDUserSDKTest */ = {
			isa = PBXGroup;
			children = (
				FC1B564E25C8DAE0008E85F5 /* AppDelegate.h */,
				FC1B564F25C8DAE0008E85F5 /* AppDelegate.m */,
				FC1B565125C8DAE0008E85F5 /* SceneDelegate.h */,
				FC1B565225C8DAE0008E85F5 /* SceneDelegate.m */,
				FC1B565425C8DAE0008E85F5 /* ViewController.h */,
				FC1B565525C8DAE0008E85F5 /* ViewController.m */,
				FC1B565725C8DAE0008E85F5 /* Main.storyboard */,
				FC1B565A25C8DAE1008E85F5 /* Assets.xcassets */,
				FC1B565C25C8DAE1008E85F5 /* LaunchScreen.storyboard */,
				FC1B565F25C8DAE1008E85F5 /* Info.plist */,
				FC1B566025C8DAE1008E85F5 /* main.m */,
			);
			path = XDUserSDKTest;
			sourceTree = "<group>";
		};
		FC57F86625CBF50700A752E1 /* Frameworks */ = {
			isa = PBXGroup;
			children = (
				FC3DAB1325CCD36A00E25067 /* XDTAF.framework */,
				FC57F86725CBF50700A752E1 /* XDUserSDK.framework */,
			);
			name = Frameworks;
			sourceTree = "<group>";
		};
/* End PBXGroup section */

/* Begin PBXNativeTarget section */
		FC1B564A25C8DAE0008E85F5 /* XDUserSDKTest */ = {
			isa = PBXNativeTarget;
			buildConfigurationList = FC1B566425C8DAE1008E85F5 /* Build configuration list for PBXNativeTarget "XDUserSDKTest" */;
			buildPhases = (
				FC1B564725C8DAE0008E85F5 /* Sources */,
				FC1B564825C8DAE0008E85F5 /* Frameworks */,
				FC1B564925C8DAE0008E85F5 /* Resources */,
			);
			buildRules = (
			);
			dependencies = (
			);
			name = XDUserSDKTest;
			productName = XDUserSDKTest;
			productReference = FC1B564B25C8DAE0008E85F5 /* XDUserSDKTest.app */;
			productType = "com.apple.product-type.application";
		};
/* End PBXNativeTarget section */

/* Begin PBXProject section */
		FC1B564325C8DAE0008E85F5 /* Project object */ = {
			isa = PBXProject;
			attributes = {
				LastUpgradeCheck = 1200;
				TargetAttributes = {
					FC1B564A25C8DAE0008E85F5 = {
						CreatedOnToolsVersion = 12.0.1;
					};
				};
			};
			buildConfigurationList = FC1B564625C8DAE0008E85F5 /* Build configuration list for PBXProject "XDUserSDKTest" */;
			compatibilityVersion = "Xcode 9.3";
			developmentRegion = en;
			hasScannedForEncodings = 0;
			knownRegions = (
				en,
				Base,
			);
			mainGroup = FC1B564225C8DAE0008E85F5;
			productRefGroup = FC1B564C25C8DAE0008E85F5 /* Products */;
			projectDirPath = "";
			projectRoot = "";
			targets = (
				FC1B564A25C8DAE0008E85F5 /* XDUserSDKTest */,
			);
		};
/* End PBXProject section */

/* Begin PBXResourcesBuildPhase section */
		FC1B564925C8DAE0008E85F5 /* Resources */ = {
			isa = PBXResourcesBuildPhase;
			buildActionMask = 2147483647;
			files = (
				FC1B565E25C8DAE1008E85F5 /* LaunchScreen.storyboard in Resources */,
				FC1B565B25C8DAE1008E85F5 /* Assets.xcassets in Resources */,
				FC1B565925C8DAE0008E85F5 /* Main.storyboard in Resources */,
			);
			runOnlyForDeploymentPostprocessing = 0;
		};
/* End PBXResourcesBuildPhase section */

/* Begin PBXSourcesBuildPhase section */
		FC1B564725C8DAE0008E85F5 /* Sources */ = {
			isa = PBXSourcesBuildPhase;
			buildActionMask = 2147483647;
			files = (
				FC1B565625C8DAE0008E85F5 /* ViewController.m in Sources */,
				FC1B565025C8DAE0008E85F5 /* AppDelegate.m in Sources */,
				FC1B566125C8DAE1008E85F5 /* main.m in Sources */,
				FC1B565325C8DAE0008E85F5 /* SceneDelegate.m in Sources */,
			);
			runOnlyForDeploymentPostprocessing = 0;
		};
/* End PBXSourcesBuildPhase section */

/* Begin PBXVariantGroup section */
		FC1B565725C8DAE0008E85F5 /* Main.storyboard */ = {
			isa = PBXVariantGroup;
			children = (
				FC1B565825C8DAE0008E85F5 /* Base */,
			);
			name = Main.storyboard;
			sourceTree = "<group>";
		};
		FC1B565C25C8DAE1008E85F5 /* LaunchScreen.storyboard */ = {
			isa = PBXVariantGroup;
			children = (
				FC1B565D25C8DAE1008E85F5 /* Base */,
			);
			name = LaunchScreen.storyboard;
			sourceTree = "<group>";
		};
/* End PBXVariantGroup section */

/* Begin XCBuildConfiguration section */
		FC1B566225C8DAE1008E85F5 /* Debug */ = {
			isa = XCBuildConfiguration;
			buildSettings = {
				ALWAYS_SEARCH_USER_PATHS = NO;
				CLANG_ANALYZER_NONNULL = YES;
				CLANG_ANALYZER_NUMBER_OBJECT_CONVERSION = YES_AGGRESSIVE;
				CLANG_CXX_LANGUAGE_STANDARD = "gnu++14";
				CLANG_CXX_LIBRARY = "libc++";
				CLANG_ENABLE_MODULES = YES;
				CLANG_ENABLE_OBJC_ARC = YES;
				CLANG_ENABLE_OBJC_WEAK = YES;
				CLANG_WARN_BLOCK_CAPTURE_AUTORELEASING = YES;
				CLANG_WARN_BOOL_CONVERSION = YES;
				CLANG_WARN_COMMA = YES;
				CLANG_WARN_CONSTANT_CONVERSION = YES;
				CLANG_WARN_DEPRECATED_OBJC_IMPLEMENTATIONS = YES;
				CLANG_WARN_DIRECT_OBJC_ISA_USAGE = YES_ERROR;
				CLANG_WARN_DOCUMENTATION_COMMENTS = YES;
				CLANG_WARN_EMPTY_BODY = YES;
				CLANG_WARN_ENUM_CONVERSION = YES;
				CLANG_WARN_INFINITE_RECURSION = YES;
				CLANG_WARN_INT_CONVERSION = YES;
				CLANG_WARN_NON_LITERAL_NULL_CONVERSION = YES;
				CLANG_WARN_OBJC_IMPLICIT_RETAIN_SELF = YES;
				CLANG_WARN_OBJC_LITERAL_CONVERSION = YES;
				CLANG_WARN_OBJC_ROOT_CLASS = YES_ERROR;
				CLANG_WARN_QUOTED_INCLUDE_IN_FRAMEWORK_HEADER = YES;
				CLANG_WARN_RANGE_LOOP_ANALYSIS = YES;
				CLANG_WARN_STRICT_PROTOTYPES = YES;
				CLANG_WARN_SUSPICIOUS_MOVE = YES;
				CLANG_WARN_UNGUARDED_AVAILABILITY = YES_AGGRESSIVE;
				CLANG_WARN_UNREACHABLE_CODE = YES;
				CLANG_WARN__DUPLICATE_METHOD_MATCH = YES;
				COPY_PHASE_STRIP = NO;
				DEBUG_INFORMATION_FORMAT = dwarf;
				ENABLE_STRICT_OBJC_MSGSEND = YES;
				ENABLE_TESTABILITY = YES;
				GCC_C_LANGUAGE_STANDARD = gnu11;
				GCC_DYNAMIC_NO_PIC = NO;
				GCC_NO_COMMON_BLOCKS = YES;
				GCC_OPTIMIZATION_LEVEL = 0;
				GCC_PREPROCESSOR_DEFINITIONS = (
					"DEBUG=1",
					"$(inherited)",
				);
				GCC_WARN_64_TO_32_BIT_CONVERSION = YES;
				GCC_WARN_ABOUT_RETURN_TYPE = YES_ERROR;
				GCC_WARN_UNDECLARED_SELECTOR = YES;
				GCC_WARN_UNINITIALIZED_AUTOS = YES_AGGRESSIVE;
				GCC_WARN_UNUSED_FUNCTION = YES;
				GCC_WARN_UNUSED_VARIABLE = YES;
				IPHONEOS_DEPLOYMENT_TARGET = 14.0;
				MTL_ENABLE_DEBUG_INFO = INCLUDE_SOURCE;
				MTL_FAST_MATH = YES;
				ONLY_ACTIVE_ARCH = YES;
				SDKROOT = iphoneos;
			};
			name = Debug;
		};
		FC1B566325C8DAE1008E85F5 /* Release */ = {
			isa = XCBuildConfiguration;
			buildSettings = {
				ALWAYS_SEARCH_USER_PATHS = NO;
				CLANG_ANALYZER_NONNULL = YES;
				CLANG_ANALYZER_NUMBER_OBJECT_CONVERSION = YES_AGGRESSIVE;
				CLANG_CXX_LANGUAGE_STANDARD = "gnu++14";
				CLANG_CXX_LIBRARY = "libc++";
				CLANG_ENABLE_MODULES = YES;
				CLANG_ENABLE_OBJC_ARC = YES;
				CLANG_ENABLE_OBJC_WEAK = YES;
				CLANG_WARN_BLOCK_CAPTURE_AUTORELEASING = YES;
				CLANG_WARN_BOOL_CONVERSION = YES;
				CLANG_WARN_COMMA = YES;
				CLANG_WARN_CONSTANT_CONVERSION = YES;
				CLANG_WARN_DEPRECATED_OBJC_IMPLEMENTATIONS = YES;
				CLANG_WARN_DIRECT_OBJC_ISA_USAGE = YES_ERROR;
				CLANG_WARN_DOCUMENTATION_COMMENTS = YES;
				CLANG_WARN_EMPTY_BODY = YES;
				CLANG_WARN_ENUM_CONVERSION = YES;
				CLANG_WARN_INFINITE_RECURSION = YES;
				CLANG_WARN_INT_CONVERSION = YES;
				CLANG_WARN_NON_LITERAL_NULL_CONVERSION = YES;
				CLANG_WARN_OBJC_IMPLICIT_RETAIN_SELF = YES;
				CLANG_WARN_OBJC_LITERAL_CONVERSION = YES;
				CLANG_WARN_OBJC_ROOT_CLASS = YES_ERROR;
				CLANG_WARN_QUOTED_INCLUDE_IN_FRAMEWORK_HEADER = YES;
				CLANG_WARN_RANGE_LOOP_ANALYSIS = YES;
				CLANG_WARN_STRICT_PROTOTYPES = YES;
				CLANG_WARN_SUSPICIOUS_MOVE = YES;
				CLANG_WARN_UNGUARDED_AVAILABILITY = YES_AGGRESSIVE;
				CLANG_WARN_UNREACHABLE_CODE = YES;
				CLANG_WARN__DUPLICATE_METHOD_MATCH = YES;
				COPY_PHASE_STRIP = NO;
				DEBUG_INFORMATION_FORMAT = "dwarf-with-dsym";
				ENABLE_NS_ASSERTIONS = NO;
				ENABLE_STRICT_OBJC_MSGSEND = YES;
				GCC_C_LANGUAGE_STANDARD = gnu11;
				GCC_NO_COMMON_BLOCKS = YES;
				GCC_WARN_64_TO_32_BIT_CONVERSION = YES;
				GCC_WARN_ABOUT_RETURN_TYPE = YES_ERROR;
				GCC_WARN_UNDECLARED_SELECTOR = YES;
				GCC_WARN_UNINITIALIZED_AUTOS = YES_AGGRESSIVE;
				GCC_WARN_UNUSED_FUNCTION = YES;
				GCC_WARN_UNUSED_VARIABLE = YES;
				IPHONEOS_DEPLOYMENT_TARGET = 14.0;
				MTL_ENABLE_DEBUG_INFO = NO;
				MTL_FAST_MATH = YES;
				SDKROOT = iphoneos;
				VALIDATE_PRODUCT = YES;
			};
			name = Release;
		};
		FC1B566525C8DAE1008E85F5 /* Debug */ = {
			isa = XCBuildConfiguration;
			buildSettings = {
				ASSETCATALOG_COMPILER_APPICON_NAME = AppIcon;
				ASSETCATALOG_COMPILER_GLOBAL_ACCENT_COLOR_NAME = AccentColor;
				CODE_SIGN_STYLE = Automatic;
				DEVELOPMENT_TEAM = W24A4Z79ML;
				FRAMEWORK_SEARCH_PATHS = "$(PROJECT_DIR)/../DependencyFrameworks";
				INFOPLIST_FILE = XDUserSDKTest/Info.plist;
				LD_RUNPATH_SEARCH_PATHS = (
					"$(inherited)",
					"@executable_path/Frameworks",
				);
				PRODUCT_BUNDLE_IDENTIFIER = com.xiedong.XDUserSDKTest;
				PRODUCT_NAME = "$(TARGET_NAME)";
				TARGETED_DEVICE_FAMILY = "1,2";
			};
			name = Debug;
		};
		FC1B566625C8DAE1008E85F5 /* Release */ = {
			isa = XCBuildConfiguration;
			buildSettings = {
				ASSETCATALOG_COMPILER_APPICON_NAME = AppIcon;
				ASSETCATALOG_COMPILER_GLOBAL_ACCENT_COLOR_NAME = AccentColor;
				CODE_SIGN_STYLE = Automatic;
				DEVELOPMENT_TEAM = W24A4Z79ML;
				FRAMEWORK_SEARCH_PATHS = "$(PROJECT_DIR)/../DependencyFrameworks";
				INFOPLIST_FILE = XDUserSDKTest/Info.plist;
				LD_RUNPATH_SEARCH_PATHS = (
					"$(inherited)",
					"@executable_path/Frameworks",
				);
				PRODUCT_BUNDLE_IDENTIFIER = com.xiedong.XDUserSDKTest;
				PRODUCT_NAME = "$(TARGET_NAME)";
				TARGETED_DEVICE_FAMILY = "1,2";
			};
			name = Release;
		};
/* End XCBuildConfiguration section */

/* Begin XCConfigurationList section */
		FC1B564625C8DAE0008E85F5 /* Build configuration list for PBXProject "XDUserSDKTest" */ = {
			isa = XCConfigurationList;
			buildConfigurations = (
				FC1B566225C8DAE1008E85F5 /* Debug */,
				FC1B566325C8DAE1008E85F5 /* Release */,
			);
			defaultConfigurationIsVisible = 0;
			defaultConfigurationName = Release;
		};
		FC1B566425C8DAE1008E85F5 /* Build configuration list for PBXNativeTarget "XDUserSDKTest" */ = {
			isa = XCConfigurationList;
			buildConfigurations = (
				FC1B566525C8DAE1008E85F5 /* Debug */,
				FC1B566625C8DAE1008E85F5 /* Release */,
			);
			defaultConfigurationIsVisible = 0;
			defaultConfigurationName = Release;
		};
/* End XCConfigurationList section */
	};
	rootObject = FC1B564325C8DAE0008E85F5 /* Project object */;
}
